
Microsoft Visual Studio Solution File, Format Version 12.00
# Visual Studio Version 17
VisualStudioVersion = 17.10.35004.147
MinimumVisualStudioVersion = 10.0.40219.1
Project("{9A19103F-16F7-4668-BE54-9A1E7A4F7556}") = "FerreTodoElArabito.Web", "FerreTodoElArabito.Web.csproj", "{DC7FFB52-A8AB-42E2-9AC4-0AECA4EC3B86}"
EndProject
Project("{2150E333-8FDC-42A3-9474-1A3956D46DE8}") = "Lib", "Lib", "{2FB367C6-135A-4571-A017-2F1696F2F1E0}"
EndProject
Project("{FAE04EC0-301F-11D3-BF4B-00C04F79EFBC}") = "FT.Lib.Data", "..\FT.Lib.Data\FT.Lib.Data.csproj", "{ABE4606A-D305-48BD-9FAD-4F1564784EB7}"
EndProject
Global
	GlobalSection(SolutionConfigurationPlatforms) = preSolution
		Debug|Any CPU = Debug|Any CPU
		Release|Any CPU = Release|Any CPU
	EndGlobalSection
	GlobalSection(ProjectConfigurationPlatforms) = postSolution
		{DC7FFB52-A8AB-42E2-9AC4-0AECA4EC3B86}.Debug|Any CPU.ActiveCfg = Debug|Any CPU
		{DC7FFB52-A8AB-42E2-9AC4-0AECA4EC3B86}.Debug|Any CPU.Build.0 = Debug|Any CPU
		{DC7FFB52-A8AB-42E2-9AC4-0AECA4EC3B86}.Release|Any CPU.ActiveCfg = Release|Any CPU
		{DC7FFB52-A8AB-42E2-9AC4-0AECA4EC3B86}.Release|Any CPU.Build.0 = Release|Any CPU
		{ABE4606A-D305-48BD-9FAD-4F1564784EB7}.Debug|Any CPU.ActiveCfg = Debug|Any CPU
		{ABE4606A-D305-48BD-9FAD-4F1564784EB7}.Debug|Any CPU.Build.0 = Debug|Any CPU
		{ABE4606A-D305-48BD-9FAD-4F1564784EB7}.Release|Any CPU.ActiveCfg = Release|Any CPU
		{ABE4606A-D305-48BD-9FAD-4F1564784EB7}.Release|Any CPU.Build.0 = Release|Any CPU
	EndGlobalSection
	GlobalSection(SolutionProperties) = preSolution
		HideSolutionNode = FALSE
	EndGlobalSection
	GlobalSection(NestedProjects) = preSolution
		{ABE4606A-D305-48BD-9FAD-4F1564784EB7} = {2FB367C6-135A-4571-A017-2F1696F2F1E0}
	EndGlobalSection
	GlobalSection(ExtensibilityGlobals) = postSolution
		SolutionGuid = {3A48CBAE-9FB6-40E9-A618-F0C7DDBD792B}
	EndGlobalSection
EndGlobal
